
Microsoft Visual Studio Solution File, Format Version 12.00
# Visual Studio Version 17
VisualStudioVersion = 17.5.002.0
MinimumVisualStudioVersion = 10.0.40219.1
Project("{2150E333-8FDC-42A3-9474-1A3956D46DE8}") = "sandbox", "sandbox", "{6F477DF3-6D49-4C91-AFEB-8E047916194C}"
EndProject
Project("{9A19103F-16F7-4668-BE54-9A1E7A4F7556}") = "sandbox_project", "sandbox\sandbox_project\sandbox_project.csproj", "{34F6E02B-FC3D-43EE-B8F8-6F3A7368F1FE}"
EndProject
Project("{2150E333-8FDC-42A3-9474-1A3956D46DE8}") = "week01", "week01", "{CF7D4AA8-BB3A-4C79-96BB-B9C52E3DAF46}"
EndProject
Project("{9A19103F-16F7-4668-BE54-9A1E7A4F7556}") = "analyze", "week01\analyze\analyze.csproj", "{811CBCFF-C319-42E0-B797-A4BD7C4EC315}"
EndProject
Project("{9A19103F-16F7-4668-BE54-9A1E7A4F7556}") = "code", "week01\code\code.csproj", "{56F050A4-0891-4E3E-89F4-A160B08A0E7F}"
EndProject
Project("{9A19103F-16F7-4668-BE54-9A1E7A4F7556}") = "teach", "week01\teach\teach.csproj", "{6E94D719-9134-4759-9F07-44A3B4006BCE}"
EndProject
Project("{2150E333-8FDC-42A3-9474-1A3956D46DE8}") = "week02", "week02", "{D0D32177-21FB-4F6F-822D-98E2E558FF0A}"
EndProject
Project("{9A19103F-16F7-4668-BE54-9A1E7A4F7556}") = "analyze", "week02\analyze\analyze.csproj", "{C48B096F-3150-4044-A7CE-FC1D9FBE5380}"
EndProject
Project("{9A19103F-16F7-4668-BE54-9A1E7A4F7556}") = "code", "week02\code\code.csproj", "{77F016EF-9507-4D5A-B76B-65BB7D5C2D9F}"
EndProject
Project("{9A19103F-16F7-4668-BE54-9A1E7A4F7556}") = "learn", "week02\learn\learn.csproj", "{2D5B9670-92AB-4BD0-A598-F2ABFE135B4E}"
EndProject
Project("{9A19103F-16F7-4668-BE54-9A1E7A4F7556}") = "teach", "week02\teach\teach.csproj", "{191BC621-C681-4A0E-9598-C44A0CCC3E74}"
EndProject
Project("{2150E333-8FDC-42A3-9474-1A3956D46DE8}") = "week03", "week03", "{76D159B9-790B-4359-B0A0-3CC3092178B8}"
EndProject
Project("{9A19103F-16F7-4668-BE54-9A1E7A4F7556}") = "code", "week03\code\code.csproj", "{356476EA-A21D-42A9-8CE5-D37445E47588}"
EndProject
Project("{9A19103F-16F7-4668-BE54-9A1E7A4F7556}") = "learn", "week03\learn\learn.csproj", "{A72F7A21-0C21-4D7E-AB09-F031F1DECAE8}"
EndProject
Project("{9A19103F-16F7-4668-BE54-9A1E7A4F7556}") = "teach", "week03\teach\teach.csproj", "{3D8789F4-8A57-4C49-B654-16C5096373F5}"
EndProject
Project("{2150E333-8FDC-42A3-9474-1A3956D46DE8}") = "week04", "week04", "{BFE50A1B-BAE3-475C-A02A-15877395597E}"
EndProject
Project("{9A19103F-16F7-4668-BE54-9A1E7A4F7556}") = "code", "week04\code\code.csproj", "{DD22CCAE-EB13-4263-9D0A-FBEB35AAA366}"
EndProject
Project("{2150E333-8FDC-42A3-9474-1A3956D46DE8}") = "week05", "week05", "{0BA8C29E-43B9-4870-8022-843AF0ABF4DF}"
EndProject
Project("{9A19103F-16F7-4668-BE54-9A1E7A4F7556}") = "code", "week05\code\code.csproj", "{5BA9C0A0-FF02-4B7C-90E4-111B1281172E}"
EndProject
Project("{2150E333-8FDC-42A3-9474-1A3956D46DE8}") = "week06", "week06", "{C3EF2E5B-FBAE-4685-9A7F-987DA9947EED}"
EndProject
Project("{9A19103F-16F7-4668-BE54-9A1E7A4F7556}") = "code", "week06\code\code.csproj", "{36AE239A-EA24-4B17-B483-4C42C3DCC76A}"
EndProject
Global
	GlobalSection(SolutionConfigurationPlatforms) = preSolution
		Debug|Any CPU = Debug|Any CPU
		Release|Any CPU = Release|Any CPU
	EndGlobalSection
	GlobalSection(ProjectConfigurationPlatforms) = postSolution
		{34F6E02B-FC3D-43EE-B8F8-6F3A7368F1FE}.Debug|Any CPU.ActiveCfg = Debug|Any CPU
		{34F6E02B-FC3D-43EE-B8F8-6F3A7368F1FE}.Debug|Any CPU.Build.0 = Debug|Any CPU
		{34F6E02B-FC3D-43EE-B8F8-6F3A7368F1FE}.Release|Any CPU.ActiveCfg = Release|Any CPU
		{34F6E02B-FC3D-43EE-B8F8-6F3A7368F1FE}.Release|Any CPU.Build.0 = Release|Any CPU
		{811CBCFF-C319-42E0-B797-A4BD7C4EC315}.Debug|Any CPU.ActiveCfg = Debug|Any CPU
		{811CBCFF-C319-42E0-B797-A4BD7C4EC315}.Debug|Any CPU.Build.0 = Debug|Any CPU
		{811CBCFF-C319-42E0-B797-A4BD7C4EC315}.Release|Any CPU.ActiveCfg = Release|Any CPU
		{811CBCFF-C319-42E0-B797-A4BD7C4EC315}.Release|Any CPU.Build.0 = Release|Any CPU
		{56F050A4-0891-4E3E-89F4-A160B08A0E7F}.Debug|Any CPU.ActiveCfg = Debug|Any CPU
		{56F050A4-0891-4E3E-89F4-A160B08A0E7F}.Debug|Any CPU.Build.0 = Debug|Any CPU
		{56F050A4-0891-4E3E-89F4-A160B08A0E7F}.Release|Any CPU.ActiveCfg = Release|Any CPU
		{56F050A4-0891-4E3E-89F4-A160B08A0E7F}.Release|Any CPU.Build.0 = Release|Any CPU
		{6E94D719-9134-4759-9F07-44A3B4006BCE}.Debug|Any CPU.ActiveCfg = Debug|Any CPU
		{6E94D719-9134-4759-9F07-44A3B4006BCE}.Debug|Any CPU.Build.0 = Debug|Any CPU
		{6E94D719-9134-4759-9F07-44A3B4006BCE}.Release|Any CPU.ActiveCfg = Release|Any CPU
		{6E94D719-9134-4759-9F07-44A3B4006BCE}.Release|Any CPU.Build.0 = Release|Any CPU
		{C48B096F-3150-4044-A7CE-FC1D9FBE5380}.Debug|Any CPU.ActiveCfg = Debug|Any CPU
		{C48B096F-3150-4044-A7CE-FC1D9FBE5380}.Debug|Any CPU.Build.0 = Debug|Any CPU
		{C48B096F-3150-4044-A7CE-FC1D9FBE5380}.Release|Any CPU.ActiveCfg = Release|Any CPU
		{C48B096F-3150-4044-A7CE-FC1D9FBE5380}.Release|Any CPU.Build.0 = Release|Any CPU
		{77F016EF-9507-4D5A-B76B-65BB7D5C2D9F}.Debug|Any CPU.ActiveCfg = Debug|Any CPU
		{77F016EF-9507-4D5A-B76B-65BB7D5C2D9F}.Debug|Any CPU.Build.0 = Debug|Any CPU
		{77F016EF-9507-4D5A-B76B-65BB7D5C2D9F}.Release|Any CPU.ActiveCfg = Release|Any CPU
		{77F016EF-9507-4D5A-B76B-65BB7D5C2D9F}.Release|Any CPU.Build.0 = Release|Any CPU
		{2D5B9670-92AB-4BD0-A598-F2ABFE135B4E}.Debug|Any CPU.ActiveCfg = Debug|Any CPU
		{2D5B9670-92AB-4BD0-A598-F2ABFE135B4E}.Debug|Any CPU.Build.0 = Debug|Any CPU
		{2D5B9670-92AB-4BD0-A598-F2ABFE135B4E}.Release|Any CPU.ActiveCfg = Release|Any CPU
		{2D5B9670-92AB-4BD0-A598-F2ABFE135B4E}.Release|Any CPU.Build.0 = Release|Any CPU
		{191BC621-C681-4A0E-9598-C44A0CCC3E74}.Debug|Any CPU.ActiveCfg = Debug|Any CPU
		{191BC621-C681-4A0E-9598-C44A0CCC3E74}.Debug|Any CPU.Build.0 = Debug|Any CPU
		{191BC621-C681-4A0E-9598-C44A0CCC3E74}.Release|Any CPU.ActiveCfg = Release|Any CPU
		{191BC621-C681-4A0E-9598-C44A0CCC3E74}.Release|Any CPU.Build.0 = Release|Any CPU
		{356476EA-A21D-42A9-8CE5-D37445E47588}.Debug|Any CPU.ActiveCfg = Debug|Any CPU
		{356476EA-A21D-42A9-8CE5-D37445E47588}.Debug|Any CPU.Build.0 = Debug|Any CPU
		{356476EA-A21D-42A9-8CE5-D37445E47588}.Release|Any CPU.ActiveCfg = Release|Any CPU
		{356476EA-A21D-42A9-8CE5-D37445E47588}.Release|Any CPU.Build.0 = Release|Any CPU
		{A72F7A21-0C21-4D7E-AB09-F031F1DECAE8}.Debug|Any CPU.ActiveCfg = Debug|Any CPU
		{A72F7A21-0C21-4D7E-AB09-F031F1DECAE8}.Debug|Any CPU.Build.0 = Debug|Any CPU
		{A72F7A21-0C21-4D7E-AB09-F031F1DECAE8}.Release|Any CPU.ActiveCfg = Release|Any CPU
		{A72F7A21-0C21-4D7E-AB09-F031F1DECAE8}.Release|Any CPU.Build.0 = Release|Any CPU
		{3D8789F4-8A57-4C49-B654-16C5096373F5}.Debug|Any CPU.ActiveCfg = Debug|Any CPU
		{3D8789F4-8A57-4C49-B654-16C5096373F5}.Debug|Any CPU.Build.0 = Debug|Any CPU
		{3D8789F4-8A57-4C49-B654-16C5096373F5}.Release|Any CPU.ActiveCfg = Release|Any CPU
		{3D8789F4-8A57-4C49-B654-16C5096373F5}.Release|Any CPU.Build.0 = Release|Any CPU
		{DD22CCAE-EB13-4263-9D0A-FBEB35AAA366}.Debug|Any CPU.ActiveCfg = Debug|Any CPU
		{DD22CCAE-EB13-4263-9D0A-FBEB35AAA366}.Debug|Any CPU.Build.0 = Debug|Any CPU
		{DD22CCAE-EB13-4263-9D0A-FBEB35AAA366}.Release|Any CPU.ActiveCfg = Release|Any CPU
		{DD22CCAE-EB13-4263-9D0A-FBEB35AAA366}.Release|Any CPU.Build.0 = Release|Any CPU
		{5BA9C0A0-FF02-4B7C-90E4-111B1281172E}.Debug|Any CPU.ActiveCfg = Debug|Any CPU
		{5BA9C0A0-FF02-4B7C-90E4-111B1281172E}.Debug|Any CPU.Build.0 = Debug|Any CPU
		{5BA9C0A0-FF02-4B7C-90E4-111B1281172E}.Release|Any CPU.ActiveCfg = Release|Any CPU
		{5BA9C0A0-FF02-4B7C-90E4-111B1281172E}.Release|Any CPU.Build.0 = Release|Any CPU
		{36AE239A-EA24-4B17-B483-4C42C3DCC76A}.Debug|Any CPU.ActiveCfg = Debug|Any CPU
		{36AE239A-EA24-4B17-B483-4C42C3DCC76A}.Debug|Any CPU.Build.0 = Debug|Any CPU
		{36AE239A-EA24-4B17-B483-4C42C3DCC76A}.Release|Any CPU.ActiveCfg = Release|Any CPU
		{36AE239A-EA24-4B17-B483-4C42C3DCC76A}.Release|Any CPU.Build.0 = Release|Any CPU
	EndGlobalSection
	GlobalSection(SolutionProperties) = preSolution
		HideSolutionNode = FALSE
	EndGlobalSection
	GlobalSection(NestedProjects) = preSolution
		{34F6E02B-FC3D-43EE-B8F8-6F3A7368F1FE} = {6F477DF3-6D49-4C91-AFEB-8E047916194C}
		{811CBCFF-C319-42E0-B797-A4BD7C4EC315} = {CF7D4AA8-BB3A-4C79-96BB-B9C52E3DAF46}
		{56F050A4-0891-4E3E-89F4-A160B08A0E7F} = {CF7D4AA8-BB3A-4C79-96BB-B9C52E3DAF46}
		{6E94D719-9134-4759-9F07-44A3B4006BCE} = {CF7D4AA8-BB3A-4C79-96BB-B9C52E3DAF46}
		{C48B096F-3150-4044-A7CE-FC1D9FBE5380} = {D0D32177-21FB-4F6F-822D-98E2E558FF0A}
		{77F016EF-9507-4D5A-B76B-65BB7D5C2D9F} = {D0D32177-21FB-4F6F-822D-98E2E558FF0A}
		{2D5B9670-92AB-4BD0-A598-F2ABFE135B4E} = {D0D32177-21FB-4F6F-822D-98E2E558FF0A}
		{191BC621-C681-4A0E-9598-C44A0CCC3E74} = {D0D32177-21FB-4F6F-822D-98E2E558FF0A}
		{356476EA-A21D-42A9-8CE5-D37445E47588} = {76D159B9-790B-4359-B0A0-3CC3092178B8}
		{A72F7A21-0C21-4D7E-AB09-F031F1DECAE8} = {76D159B9-790B-4359-B0A0-3CC3092178B8}
		{3D8789F4-8A57-4C49-B654-16C5096373F5} = {76D159B9-790B-4359-B0A0-3CC3092178B8}
		{DD22CCAE-EB13-4263-9D0A-FBEB35AAA366} = {BFE50A1B-BAE3-475C-A02A-15877395597E}
		{5BA9C0A0-FF02-4B7C-90E4-111B1281172E} = {0BA8C29E-43B9-4870-8022-843AF0ABF4DF}
		{36AE239A-EA24-4B17-B483-4C42C3DCC76A} = {C3EF2E5B-FBAE-4685-9A7F-987DA9947EED}
	EndGlobalSection
	GlobalSection(ExtensibilityGlobals) = postSolution
		SolutionGuid = {D52072AD-BD5A-4E71-9395-D8A34C4C4407}
	EndGlobalSection
EndGlobal
